
Microsoft Visual Studio Solution File, Format Version 12.00
# Visual Studio Version 17
VisualStudioVersion = 17.0.31717.71
MinimumVisualStudioVersion = 10.0.40219.1
Project("{FAE04EC0-301F-11D3-BF4B-00C04F79EFBC}") = "closetdemo", "closetdemo.csproj", "{EDC67290-8E7C-4EF9-A2FE-FE49A9D3E716}"
EndProject
Global
	GlobalSection(SolutionConfigurationPlatforms) = preSolution
		Debug|Any CPU = Debug|Any CPU
		Release|Any CPU = Release|Any CPU
	EndGlobalSection
	GlobalSection(ProjectConfigurationPlatforms) = postSolution
		{EDC67290-8E7C-4EF9-A2FE-FE49A9D3E716}.Debug|Any CPU.ActiveCfg = Debug|Any CPU
		{EDC67290-8E7C-4EF9-A2FE-FE49A9D3E716}.Debug|Any CPU.Build.0 = Debug|Any CPU
		{EDC67290-8E7C-4EF9-A2FE-FE49A9D3E716}.Release|Any CPU.ActiveCfg = Release|Any CPU
		{EDC67290-8E7C-4EF9-A2FE-FE49A9D3E716}.Release|Any CPU.Build.0 = Release|Any CPU
	EndGlobalSection
	GlobalSection(SolutionProperties) = preSolution
		HideSolutionNode = FALSE
	EndGlobalSection
	GlobalSection(ExtensibilityGlobals) = postSolution
		SolutionGuid = {849EF6C6-BCC9-43E9-8D7A-E217B4A78F5B}
	EndGlobalSection
EndGlobal
